
Microsoft Visual Studio Solution File, Format Version 12.00
# Visual Studio Version 17
VisualStudioVersion = 17.3.32929.385
MinimumVisualStudioVersion = 10.0.40219.1
Project("{FAE04EC0-301F-11D3-BF4B-00C04F79EFBC}") = "Tusk3", "Tusk3.csproj", "{17C8FD46-B7E7-4059-A5CA-4FDE2A3FDFF5}"
EndProject
Global
	GlobalSection(SolutionConfigurationPlatforms) = preSolution
		Debug|Any CPU = Debug|Any CPU
		Release|Any CPU = Release|Any CPU
	EndGlobalSection
	GlobalSection(ProjectConfigurationPlatforms) = postSolution
		{17C8FD46-B7E7-4059-A5CA-4FDE2A3FDFF5}.Debug|Any CPU.ActiveCfg = Debug|Any CPU
		{17C8FD46-B7E7-4059-A5CA-4FDE2A3FDFF5}.Debug|Any CPU.Build.0 = Debug|Any CPU
		{17C8FD46-B7E7-4059-A5CA-4FDE2A3FDFF5}.Release|Any CPU.ActiveCfg = Release|Any CPU
		{17C8FD46-B7E7-4059-A5CA-4FDE2A3FDFF5}.Release|Any CPU.Build.0 = Release|Any CPU
	EndGlobalSection
	GlobalSection(SolutionProperties) = preSolution
		HideSolutionNode = FALSE
	EndGlobalSection
	GlobalSection(ExtensibilityGlobals) = postSolution
		SolutionGuid = {DCCEEE42-9A47-41DA-BBCD-3494909537F8}
	EndGlobalSection
EndGlobal
