
Microsoft Visual Studio Solution File, Format Version 12.00
# Visual Studio Version 17
VisualStudioVersion = 17.3.32929.385
MinimumVisualStudioVersion = 10.0.40219.1
Project("{FAE04EC0-301F-11D3-BF4B-00C04F79EFBC}") = "Tusk2", "Tusk2.csproj", "{56C09AAC-196C-424E-BAD6-939C076C4E71}"
EndProject
Global
	GlobalSection(SolutionConfigurationPlatforms) = preSolution
		Debug|Any CPU = Debug|Any CPU
		Release|Any CPU = Release|Any CPU
	EndGlobalSection
	GlobalSection(ProjectConfigurationPlatforms) = postSolution
		{56C09AAC-196C-424E-BAD6-939C076C4E71}.Debug|Any CPU.ActiveCfg = Debug|Any CPU
		{56C09AAC-196C-424E-BAD6-939C076C4E71}.Debug|Any CPU.Build.0 = Debug|Any CPU
		{56C09AAC-196C-424E-BAD6-939C076C4E71}.Release|Any CPU.ActiveCfg = Release|Any CPU
		{56C09AAC-196C-424E-BAD6-939C076C4E71}.Release|Any CPU.Build.0 = Release|Any CPU
	EndGlobalSection
	GlobalSection(SolutionProperties) = preSolution
		HideSolutionNode = FALSE
	EndGlobalSection
	GlobalSection(ExtensibilityGlobals) = postSolution
		SolutionGuid = {6ACF946E-81EA-43C9-B5DB-B811EC6E5FEE}
	EndGlobalSection
EndGlobal
