
Microsoft Visual Studio Solution File, Format Version 12.00
# Visual Studio Version 17
VisualStudioVersion = 17.3.32929.385
MinimumVisualStudioVersion = 10.0.40219.1
Project("{FAE04EC0-301F-11D3-BF4B-00C04F79EFBC}") = "Tusk4", "Tusk4.csproj", "{864B671F-B89C-4378-BB8F-640463779B91}"
EndProject
Global
	GlobalSection(SolutionConfigurationPlatforms) = preSolution
		Debug|Any CPU = Debug|Any CPU
		Release|Any CPU = Release|Any CPU
	EndGlobalSection
	GlobalSection(ProjectConfigurationPlatforms) = postSolution
		{864B671F-B89C-4378-BB8F-640463779B91}.Debug|Any CPU.ActiveCfg = Debug|Any CPU
		{864B671F-B89C-4378-BB8F-640463779B91}.Debug|Any CPU.Build.0 = Debug|Any CPU
		{864B671F-B89C-4378-BB8F-640463779B91}.Release|Any CPU.ActiveCfg = Release|Any CPU
		{864B671F-B89C-4378-BB8F-640463779B91}.Release|Any CPU.Build.0 = Release|Any CPU
	EndGlobalSection
	GlobalSection(SolutionProperties) = preSolution
		HideSolutionNode = FALSE
	EndGlobalSection
	GlobalSection(ExtensibilityGlobals) = postSolution
		SolutionGuid = {CD2DD386-BFBB-43A0-AA3D-30E3C6101B31}
	EndGlobalSection
EndGlobal
